
Microsoft Visual Studio Solution File, Format Version 12.00
# Visual Studio Version 16
VisualStudioVersion = 16.0.30611.23
MinimumVisualStudioVersion = 10.0.40219.1
Project("{FAE04EC0-301F-11D3-BF4B-00C04F79EFBC}") = "Calculator_WPF", "Calculator_WPF\Calculator_WPF.csproj", "{C0FA41A4-6EA8-4037-9E5D-437DAD9BB9EA}"
EndProject
Project("{FAE04EC0-301F-11D3-BF4B-00C04F79EFBC}") = "Calculator_Code", "Calculator_Code\Calculator_Code.csproj", "{2B2B82CF-14A4-4A22-9894-37C2DEA7DFEB}"
EndProject
Project("{FAE04EC0-301F-11D3-BF4B-00C04F79EFBC}") = "Calculator_Tests", "Calculator_Tests\Calculator_Tests.csproj", "{AEBD2F2A-56A6-4E5E-8A5A-06274D7A7921}"
EndProject
Global
	GlobalSection(SolutionConfigurationPlatforms) = preSolution
		Debug|Any CPU = Debug|Any CPU
		Release|Any CPU = Release|Any CPU
	EndGlobalSection
	GlobalSection(ProjectConfigurationPlatforms) = postSolution
		{C0FA41A4-6EA8-4037-9E5D-437DAD9BB9EA}.Debug|Any CPU.ActiveCfg = Debug|Any CPU
		{C0FA41A4-6EA8-4037-9E5D-437DAD9BB9EA}.Debug|Any CPU.Build.0 = Debug|Any CPU
		{C0FA41A4-6EA8-4037-9E5D-437DAD9BB9EA}.Release|Any CPU.ActiveCfg = Release|Any CPU
		{C0FA41A4-6EA8-4037-9E5D-437DAD9BB9EA}.Release|Any CPU.Build.0 = Release|Any CPU
		{2B2B82CF-14A4-4A22-9894-37C2DEA7DFEB}.Debug|Any CPU.ActiveCfg = Debug|Any CPU
		{2B2B82CF-14A4-4A22-9894-37C2DEA7DFEB}.Debug|Any CPU.Build.0 = Debug|Any CPU
		{2B2B82CF-14A4-4A22-9894-37C2DEA7DFEB}.Release|Any CPU.ActiveCfg = Release|Any CPU
		{2B2B82CF-14A4-4A22-9894-37C2DEA7DFEB}.Release|Any CPU.Build.0 = Release|Any CPU
		{AEBD2F2A-56A6-4E5E-8A5A-06274D7A7921}.Debug|Any CPU.ActiveCfg = Debug|Any CPU
		{AEBD2F2A-56A6-4E5E-8A5A-06274D7A7921}.Debug|Any CPU.Build.0 = Debug|Any CPU
		{AEBD2F2A-56A6-4E5E-8A5A-06274D7A7921}.Release|Any CPU.ActiveCfg = Release|Any CPU
		{AEBD2F2A-56A6-4E5E-8A5A-06274D7A7921}.Release|Any CPU.Build.0 = Release|Any CPU
	EndGlobalSection
	GlobalSection(SolutionProperties) = preSolution
		HideSolutionNode = FALSE
	EndGlobalSection
	GlobalSection(ExtensibilityGlobals) = postSolution
		SolutionGuid = {A4561497-A814-42D4-9B49-8619FCF4E78E}
	EndGlobalSection
EndGlobal
